
Microsoft Visual Studio Solution File, Format Version 12.00
# Visual Studio Version 17
VisualStudioVersion = 17.3.32825.248
MinimumVisualStudioVersion = 10.0.40219.1
Project("{FAE04EC0-301F-11D3-BF4B-00C04F79EFBC}") = "p4gpc.maxhpsp", "p4gpc.maxhpsp\p4gpc.maxhpsp.csproj", "{B503A8D7-BEE5-4A05-A438-7C22852A0C3B}"
EndProject
Global
	GlobalSection(SolutionConfigurationPlatforms) = preSolution
		Debug|Any CPU = Debug|Any CPU
		Release|Any CPU = Release|Any CPU
	EndGlobalSection
	GlobalSection(ProjectConfigurationPlatforms) = postSolution
		{B503A8D7-BEE5-4A05-A438-7C22852A0C3B}.Debug|Any CPU.ActiveCfg = Debug|Any CPU
		{B503A8D7-BEE5-4A05-A438-7C22852A0C3B}.Debug|Any CPU.Build.0 = Debug|Any CPU
		{B503A8D7-BEE5-4A05-A438-7C22852A0C3B}.Release|Any CPU.ActiveCfg = Release|Any CPU
		{B503A8D7-BEE5-4A05-A438-7C22852A0C3B}.Release|Any CPU.Build.0 = Release|Any CPU
	EndGlobalSection
	GlobalSection(SolutionProperties) = preSolution
		HideSolutionNode = FALSE
	EndGlobalSection
	GlobalSection(ExtensibilityGlobals) = postSolution
		SolutionGuid = {A9570C15-C2D9-4E3D-A9BA-310443615B70}
	EndGlobalSection
EndGlobal
